
Microsoft Visual Studio Solution File, Format Version 12.00
# Visual Studio Version 16
VisualStudioVersion = 16.0.810.9
MinimumVisualStudioVersion = 10.0.40219.1
Project("{FAE04EC0-301F-11D3-BF4B-00C04F79EFBC}") = "BlazorBattles.Server", "BlazorBattles\Server\BlazorBattles.Server.csproj", "{7ADA20D5-EB11-480C-A82D-EBEFF2C25AAB}"
EndProject
Project("{FAE04EC0-301F-11D3-BF4B-00C04F79EFBC}") = "BlazorBattles.Client", "BlazorBattles\Client\BlazorBattles.Client.csproj", "{B9768A90-19A5-49C3-B895-A96C922B7E66}"
EndProject
Project("{FAE04EC0-301F-11D3-BF4B-00C04F79EFBC}") = "BlazorBattles.Shared", "BlazorBattles\Shared\BlazorBattles.Shared.csproj", "{BFEBE30C-4FD8-4748-BDA6-F80F0C2531A3}"
EndProject
Global
	GlobalSection(SolutionConfigurationPlatforms) = preSolution
		Debug|Any CPU = Debug|Any CPU
		Release|Any CPU = Release|Any CPU
	EndGlobalSection
	GlobalSection(ProjectConfigurationPlatforms) = postSolution
		{7ADA20D5-EB11-480C-A82D-EBEFF2C25AAB}.Debug|Any CPU.ActiveCfg = Debug|Any CPU
		{7ADA20D5-EB11-480C-A82D-EBEFF2C25AAB}.Debug|Any CPU.Build.0 = Debug|Any CPU
		{7ADA20D5-EB11-480C-A82D-EBEFF2C25AAB}.Release|Any CPU.ActiveCfg = Release|Any CPU
		{7ADA20D5-EB11-480C-A82D-EBEFF2C25AAB}.Release|Any CPU.Build.0 = Release|Any CPU
		{B9768A90-19A5-49C3-B895-A96C922B7E66}.Debug|Any CPU.ActiveCfg = Debug|Any CPU
		{B9768A90-19A5-49C3-B895-A96C922B7E66}.Debug|Any CPU.Build.0 = Debug|Any CPU
		{B9768A90-19A5-49C3-B895-A96C922B7E66}.Release|Any CPU.ActiveCfg = Release|Any CPU
		{B9768A90-19A5-49C3-B895-A96C922B7E66}.Release|Any CPU.Build.0 = Release|Any CPU
		{BFEBE30C-4FD8-4748-BDA6-F80F0C2531A3}.Debug|Any CPU.ActiveCfg = Debug|Any CPU
		{BFEBE30C-4FD8-4748-BDA6-F80F0C2531A3}.Debug|Any CPU.Build.0 = Debug|Any CPU
		{BFEBE30C-4FD8-4748-BDA6-F80F0C2531A3}.Release|Any CPU.ActiveCfg = Release|Any CPU
		{BFEBE30C-4FD8-4748-BDA6-F80F0C2531A3}.Release|Any CPU.Build.0 = Release|Any CPU
	EndGlobalSection
	GlobalSection(SolutionProperties) = preSolution
		HideSolutionNode = FALSE
	EndGlobalSection
	GlobalSection(ExtensibilityGlobals) = postSolution
		SolutionGuid = {C9DF4699-3D88-418B-8ABD-5D752037771E}
	EndGlobalSection
EndGlobal
